
Microsoft Visual Studio Solution File, Format Version 12.00
# Visual Studio 15
VisualStudioVersion = 15.0.26403.7
MinimumVisualStudioVersion = 10.0.40219.1
Project("{FAE04EC0-301F-11D3-BF4B-00C04F79EFBC}") = "b2app", "b2app\b2app.csproj", "{7AC09B91-064B-4DA8-80AB-4503B9500BC7}"
EndProject
Project("{FAE04EC0-301F-11D3-BF4B-00C04F79EFBC}") = "BackupLib", "BackupLib\BackupLib.csproj", "{2F4ABBB6-2580-4475-871C-4585F5D32C07}"
EndProject
Project("{FAE04EC0-301F-11D3-BF4B-00C04F79EFBC}") = "pemlib", "pemlib\pemlib.csproj", "{4D938918-1AF0-4130-8DD3-1FDDF8096A2C}"
EndProject
Project("{FAE04EC0-301F-11D3-BF4B-00C04F79EFBC}") = "TestBackupLib", "TestBackupLib\TestBackupLib.csproj", "{54466FCE-2B01-44A9-8AA2-00778F5E0298}"
EndProject
Project("{FAE04EC0-301F-11D3-BF4B-00C04F79EFBC}") = "CommB2", "CommB2\CommB2.csproj", "{B9A637AB-692F-4AB1-A3D5-5230FF6ECFCA}"
EndProject
Project("{FAE04EC0-301F-11D3-BF4B-00C04F79EFBC}") = "BUCommon", "BUCommon\BUCommon.csproj", "{36731F63-9ADE-4908-A126-E41963506DC2}"
EndProject
Project("{2150E333-8FDC-42A3-9474-1A3956D46DE8}") = "Solution Items", "Solution Items", "{56360AC2-6860-482A-94B2-10CC45D681B5}"
	ProjectSection(SolutionItems) = preProject
		README = README
	EndProjectSection
EndProject
Project("{FAE04EC0-301F-11D3-BF4B-00C04F79EFBC}") = "B2Net", "..\B2.NET\src\B2Net.csproj", "{E178FF84-E6B4-4C08-8B2F-E190A6BCFE4A}"
EndProject
Global
	GlobalSection(SolutionConfigurationPlatforms) = preSolution
		Debug|Any CPU = Debug|Any CPU
		Release|Any CPU = Release|Any CPU
	EndGlobalSection
	GlobalSection(ProjectConfigurationPlatforms) = postSolution
		{7AC09B91-064B-4DA8-80AB-4503B9500BC7}.Debug|Any CPU.ActiveCfg = Debug|Any CPU
		{7AC09B91-064B-4DA8-80AB-4503B9500BC7}.Debug|Any CPU.Build.0 = Debug|Any CPU
		{7AC09B91-064B-4DA8-80AB-4503B9500BC7}.Release|Any CPU.ActiveCfg = Release|Any CPU
		{7AC09B91-064B-4DA8-80AB-4503B9500BC7}.Release|Any CPU.Build.0 = Release|Any CPU
		{2F4ABBB6-2580-4475-871C-4585F5D32C07}.Debug|Any CPU.ActiveCfg = Debug|Any CPU
		{2F4ABBB6-2580-4475-871C-4585F5D32C07}.Debug|Any CPU.Build.0 = Debug|Any CPU
		{2F4ABBB6-2580-4475-871C-4585F5D32C07}.Release|Any CPU.ActiveCfg = Release|Any CPU
		{2F4ABBB6-2580-4475-871C-4585F5D32C07}.Release|Any CPU.Build.0 = Release|Any CPU
		{4D938918-1AF0-4130-8DD3-1FDDF8096A2C}.Debug|Any CPU.ActiveCfg = Debug|Any CPU
		{4D938918-1AF0-4130-8DD3-1FDDF8096A2C}.Debug|Any CPU.Build.0 = Debug|Any CPU
		{4D938918-1AF0-4130-8DD3-1FDDF8096A2C}.Release|Any CPU.ActiveCfg = Release|Any CPU
		{4D938918-1AF0-4130-8DD3-1FDDF8096A2C}.Release|Any CPU.Build.0 = Release|Any CPU
		{54466FCE-2B01-44A9-8AA2-00778F5E0298}.Debug|Any CPU.ActiveCfg = Debug|Any CPU
		{54466FCE-2B01-44A9-8AA2-00778F5E0298}.Debug|Any CPU.Build.0 = Debug|Any CPU
		{54466FCE-2B01-44A9-8AA2-00778F5E0298}.Release|Any CPU.ActiveCfg = Release|Any CPU
		{54466FCE-2B01-44A9-8AA2-00778F5E0298}.Release|Any CPU.Build.0 = Release|Any CPU
		{B9A637AB-692F-4AB1-A3D5-5230FF6ECFCA}.Debug|Any CPU.ActiveCfg = Debug|Any CPU
		{B9A637AB-692F-4AB1-A3D5-5230FF6ECFCA}.Debug|Any CPU.Build.0 = Debug|Any CPU
		{B9A637AB-692F-4AB1-A3D5-5230FF6ECFCA}.Release|Any CPU.ActiveCfg = Release|Any CPU
		{B9A637AB-692F-4AB1-A3D5-5230FF6ECFCA}.Release|Any CPU.Build.0 = Release|Any CPU
		{36731F63-9ADE-4908-A126-E41963506DC2}.Debug|Any CPU.ActiveCfg = Debug|Any CPU
		{36731F63-9ADE-4908-A126-E41963506DC2}.Debug|Any CPU.Build.0 = Debug|Any CPU
		{36731F63-9ADE-4908-A126-E41963506DC2}.Release|Any CPU.ActiveCfg = Release|Any CPU
		{36731F63-9ADE-4908-A126-E41963506DC2}.Release|Any CPU.Build.0 = Release|Any CPU
		{E178FF84-E6B4-4C08-8B2F-E190A6BCFE4A}.Debug|Any CPU.ActiveCfg = Debug|Any CPU
		{E178FF84-E6B4-4C08-8B2F-E190A6BCFE4A}.Debug|Any CPU.Build.0 = Debug|Any CPU
		{E178FF84-E6B4-4C08-8B2F-E190A6BCFE4A}.Release|Any CPU.ActiveCfg = Release|Any CPU
		{E178FF84-E6B4-4C08-8B2F-E190A6BCFE4A}.Release|Any CPU.Build.0 = Release|Any CPU
	EndGlobalSection
	GlobalSection(SolutionProperties) = preSolution
		HideSolutionNode = FALSE
	EndGlobalSection
EndGlobal
